{
  "projects": [
    {
      "projectId": "YUiM7yqBWAqsh8KSnrdj7",
      "version": "0.34.0",
      "dependencies": {},
      "lang": "ts",
      "fileLocks": [
        {
          "assetId": "YUiM7yqBWAqsh8KSnrdj7",
          "type": "projectCss",
          "checksum": "21b499a9da4edbc2266c72c2ba127787"
        }
      ],
      "codegenVersion": "0.0.1"
    },
    {
      "projectId": "dF2QKySkcChpU8qr8MCPGA",
      "version": "latest",
      "dependencies": {
        "YUiM7yqBWAqsh8KSnrdj7": "0.34.0"
      },
      "lang": "ts",
      "fileLocks": [
        {
          "type": "globalVariant",
          "assetId": "nND2sHezFx0C",
          "checksum": "5b953d2e0a2189ec4a5c54e74de99a06"
        },
        {
          "assetId": "dF2QKySkcChpU8qr8MCPGA",
          "type": "projectCss",
          "checksum": "c85655524cfe0bc876e0f2bf82492565"
        },
        {
          "type": "renderModule",
          "assetId": "OKlofPTgnM-f",
          "checksum": "229e8ad7d813deaee0be1352796669a1"
        },
        {
          "type": "cssRules",
          "assetId": "OKlofPTgnM-f",
          "checksum": "229e8ad7d813deaee0be1352796669a1"
        },
        {
          "type": "renderModule",
          "assetId": "ESyl9Ym6WnsL",
          "checksum": "dc6f4462fd07efdf92a51709b13c43dc"
        },
        {
          "type": "cssRules",
          "assetId": "ESyl9Ym6WnsL",
          "checksum": "dc6f4462fd07efdf92a51709b13c43dc"
        },
        {
          "type": "renderModule",
          "assetId": "wYFjQPqG3WDb",
          "checksum": "c4f8d00422cb0315250268f7f47ef461"
        },
        {
          "type": "cssRules",
          "assetId": "wYFjQPqG3WDb",
          "checksum": "c4f8d00422cb0315250268f7f47ef461"
        },
        {
          "type": "renderModule",
          "assetId": "OAMq8nRwlmT5",
          "checksum": "5e1fd3e7f4c06935d4048954ef2e09c2"
        },
        {
          "type": "cssRules",
          "assetId": "OAMq8nRwlmT5",
          "checksum": "5e1fd3e7f4c06935d4048954ef2e09c2"
        },
        {
          "type": "renderModule",
          "assetId": "19s3uOsH8lFJ",
          "checksum": "d3a31b3cae08a19572e07d2032b4db72"
        },
        {
          "type": "cssRules",
          "assetId": "19s3uOsH8lFJ",
          "checksum": "d3a31b3cae08a19572e07d2032b4db72"
        },
        {
          "type": "renderModule",
          "assetId": "Sp0u1MkmT-lB",
          "checksum": "b3be4165172bc7f72a84d32db20989a0"
        },
        {
          "type": "cssRules",
          "assetId": "Sp0u1MkmT-lB",
          "checksum": "b3be4165172bc7f72a84d32db20989a0"
        },
        {
          "type": "renderModule",
          "assetId": "DO668arYEGyL",
          "checksum": "a01cef8523243180f70250357d1c339d"
        },
        {
          "type": "cssRules",
          "assetId": "DO668arYEGyL",
          "checksum": "a01cef8523243180f70250357d1c339d"
        },
        {
          "type": "renderModule",
          "assetId": "w5fTF1RXXanN",
          "checksum": "987c0b5ab0224c1676ca5b663493c967"
        },
        {
          "type": "cssRules",
          "assetId": "w5fTF1RXXanN",
          "checksum": "987c0b5ab0224c1676ca5b663493c967"
        },
        {
          "type": "renderModule",
          "assetId": "m9pjqBeNRHBf",
          "checksum": "582bbc2e1316d6954e3bbab849a9fb89"
        },
        {
          "type": "cssRules",
          "assetId": "m9pjqBeNRHBf",
          "checksum": "582bbc2e1316d6954e3bbab849a9fb89"
        },
        {
          "type": "renderModule",
          "assetId": "AjEs1Ffotioe",
          "checksum": "ac53a5c9af78578d6b7e92860a43a891"
        },
        {
          "type": "cssRules",
          "assetId": "AjEs1Ffotioe",
          "checksum": "ac53a5c9af78578d6b7e92860a43a891"
        },
        {
          "type": "renderModule",
          "assetId": "H0sHJETK__-X",
          "checksum": "74a7c89c92d89d35a5bed11e4889814c"
        },
        {
          "type": "cssRules",
          "assetId": "H0sHJETK__-X",
          "checksum": "74a7c89c92d89d35a5bed11e4889814c"
        },
        {
          "type": "renderModule",
          "assetId": "VMYZjj-xtmUA",
          "checksum": "41f5f9b1c916288da13e0d073476d938"
        },
        {
          "type": "cssRules",
          "assetId": "VMYZjj-xtmUA",
          "checksum": "41f5f9b1c916288da13e0d073476d938"
        },
        {
          "type": "renderModule",
          "assetId": "gG8wlD8FO_xj",
          "checksum": "bab8cf8f9a3dd0bd5f6b2130a23dec38"
        },
        {
          "type": "cssRules",
          "assetId": "gG8wlD8FO_xj",
          "checksum": "bab8cf8f9a3dd0bd5f6b2130a23dec38"
        },
        {
          "type": "icon",
          "assetId": "RX2ZAl3U3jT3",
          "checksum": "4a4bf5607953aec43c5751329fb1a702"
        },
        {
          "type": "icon",
          "assetId": "c_AjD_4fJ_GF",
          "checksum": "9a796b48eb24748b77e1d2570bd2d4d1"
        },
        {
          "type": "icon",
          "assetId": "9dHUi9radsn7",
          "checksum": "9c59a604d0e9b2a68e9ba8f1eb0f2195"
        },
        {
          "type": "icon",
          "assetId": "gsemOEEHE8V5",
          "checksum": "c5fbdf37b1d859b925350f9196afa6bb"
        },
        {
          "type": "icon",
          "assetId": "kCA4K1w0sGsT",
          "checksum": "aec8281bbfc29c16381f76cf6a485639"
        },
        {
          "type": "icon",
          "assetId": "d67I4HS-N24q",
          "checksum": "44c0b61e508e09638ca0104db123c103"
        },
        {
          "type": "icon",
          "assetId": "3DZot8fc05Vm",
          "checksum": "9d5ea5e6d5e610dc289a5e83ca3c6164"
        },
        {
          "type": "icon",
          "assetId": "cgT3gtuD4aD2",
          "checksum": "a9cd64fb10321efdbda2464fe00a3913"
        },
        {
          "type": "icon",
          "assetId": "BMaumDjcpWbE",
          "checksum": "2145df55c9a4f74540d1d418a98522ab"
        },
        {
          "type": "icon",
          "assetId": "2hCU0OzjCilr",
          "checksum": "9b56a14dd15a6adcb4e34156db61c77b"
        },
        {
          "type": "icon",
          "assetId": "YGoANZLgFoFQ",
          "checksum": "fd06935a064ccbf75e267c6ceb302884"
        },
        {
          "type": "icon",
          "assetId": "zpgpF61DaGcr",
          "checksum": "1f95eebc05fb6e60e461d68dac66924e"
        },
        {
          "type": "icon",
          "assetId": "XyPJBvDMlhcr",
          "checksum": "5fba68035b5781221068e1ce7218aefd"
        },
        {
          "type": "icon",
          "assetId": "fdOBbs93w-Ss",
          "checksum": "252d3d2cf24d5d1886f4276e70ae35a6"
        },
        {
          "type": "icon",
          "assetId": "F_GhFymzkYRB",
          "checksum": "2fe5f296a9af9be0e9bab38d04e0740b"
        },
        {
          "type": "icon",
          "assetId": "iMT-jaxkwdSa",
          "checksum": "11f75debb4e37e39d79e2a924f6a02f6"
        },
        {
          "type": "icon",
          "assetId": "3Of1sbv_2q7m",
          "checksum": "ac5a7100f83e5b7b693badca0d67936b"
        },
        {
          "type": "icon",
          "assetId": "Tlddm8tlLaly",
          "checksum": "e62c088ca497e37e997db582563c3209"
        },
        {
          "type": "icon",
          "assetId": "rJqPYoBlkWXI",
          "checksum": "4f2af3e3c221bcce92ee589f1a7d2458"
        },
        {
          "type": "image",
          "assetId": "bDu1wGSqO-ad",
          "checksum": "d2f0905e7cb0b48bb4b4bcd845bd88ff"
        },
        {
          "type": "image",
          "assetId": "aR1l-V-caBYK",
          "checksum": "029b811d59a371ab78d7bfc86053cfe0"
        },
        {
          "type": "image",
          "assetId": "NMRagChUWAc9",
          "checksum": "a19af8623c10c9370ba376462d887a3b"
        },
        {
          "type": "image",
          "assetId": "Ljndq40t0RfZ",
          "checksum": "a9ed4cf65e100447190f2b8e7833df0e"
        },
        {
          "type": "image",
          "assetId": "VCqbE5TKV6aD",
          "checksum": "0b5969d0b964431cd362826c49f3ef53"
        },
        {
          "type": "image",
          "assetId": "7-Ksve9imcrd",
          "checksum": "0fa5d3bf1114f5139a4158ee3b270e05"
        },
        {
          "type": "image",
          "assetId": "8Ie5o4A7j9ux",
          "checksum": "881b3c89fc7886f3ccb87d5aea7cc0fa"
        },
        {
          "type": "image",
          "assetId": "cZ0No_E6sPO7",
          "checksum": "d0ca073a33612c39faee6ad90bff638f"
        },
        {
          "type": "image",
          "assetId": "k-puKURRU5Ew",
          "checksum": "e4eab29d3b3ca5937498b49739107b1e"
        },
        {
          "type": "image",
          "assetId": "J7vy-CriLk-3",
          "checksum": "92836bf1cebf8c572f6a88df0a5777a3"
        },
        {
          "type": "image",
          "assetId": "4QCscVV1qtRs",
          "checksum": "b8eb2c49251a294e7f7c4464b199acb0"
        },
        {
          "type": "image",
          "assetId": "ZdOaC61fSS3k",
          "checksum": "c8b1b6b265a8f76fbc49dfea9c8bc02c"
        },
        {
          "type": "image",
          "assetId": "SKBK76979BOq",
          "checksum": "ef17e200f4d8cbae7460880b041fc07f"
        },
        {
          "type": "image",
          "assetId": "AlfUgOmG5xT_",
          "checksum": "d155985f8f2548f00840d65f48a8351b"
        },
        {
          "type": "image",
          "assetId": "SlYTmJhkQujZ",
          "checksum": "7ed47175804abcbfe14ac208b736e8a2"
        },
        {
          "type": "image",
          "assetId": "XpLGyKmlQqJX",
          "checksum": "cb5586bad963536e4fc466e4910a1161"
        },
        {
          "type": "image",
          "assetId": "nv-lBJD_1Hgh",
          "checksum": "899a0cfd35c4cb5801567bafece4314c"
        },
        {
          "type": "image",
          "assetId": "e0O4DfY4ylYA",
          "checksum": "841888dbfe7285279eab8ef10ba12935"
        },
        {
          "type": "image",
          "assetId": "21ULGMJX_8KC",
          "checksum": "13bea5593bbd2211944829f4f2a5fe06"
        },
        {
          "type": "image",
          "assetId": "P07TvhOLkfza",
          "checksum": "6d8db139a293f327c00d9e1dd0d80093"
        },
        {
          "type": "image",
          "assetId": "5VTLxy3mPzaX",
          "checksum": "73c27c8857588b067e1f2132de266f2d"
        },
        {
          "type": "image",
          "assetId": "ShFc9paSObre",
          "checksum": "fba74a5306aa1c3a9cf2dcc75fc5498d"
        },
        {
          "type": "image",
          "assetId": "aMJB7SKzgFho",
          "checksum": "253a89ab8830fad29570e65b46c29d96"
        },
        {
          "type": "image",
          "assetId": "zh8pcjhnLJ_V",
          "checksum": "4e6f7c34f4953560d99be83030e489e7"
        },
        {
          "type": "image",
          "assetId": "auGTSqA5gB2G",
          "checksum": "e12a5fd611a143a210d79ce8195a339b"
        },
        {
          "type": "image",
          "assetId": "hchnv6DRdTKu",
          "checksum": "4d5523ad5bff62d62a76225245c527cb"
        },
        {
          "type": "image",
          "assetId": "2CyG2gd4dkhf",
          "checksum": "dc857d74675834d82b4d6118060f1f49"
        },
        {
          "type": "image",
          "assetId": "l2pHmILlP8su",
          "checksum": "a7cd897fb42800cbaa455c86d7671ad8"
        },
        {
          "type": "image",
          "assetId": "AltpZ5WxWuKc",
          "checksum": "3cf213d81353917fbaeb5c18456e612c"
        },
        {
          "type": "image",
          "assetId": "xaBR1XP7D-_a",
          "checksum": "5e775b06caab671a4eefce0feadce22a"
        },
        {
          "type": "image",
          "assetId": "i5IeaVviBiDI",
          "checksum": "c7bc46ca34080a6dee6a2899840cee99"
        },
        {
          "type": "image",
          "assetId": "e5umMnfpNOPD",
          "checksum": "e37cf5af74c500bd68d5fb04a558db2d"
        },
        {
          "type": "image",
          "assetId": "CurLjpLLYkW1",
          "checksum": "7bd142fafa8e15089f65e010ae390468"
        },
        {
          "type": "image",
          "assetId": "9inZXqSYiPAz",
          "checksum": "533be471265b655c41afdd0878fb48ac"
        },
        {
          "type": "image",
          "assetId": "PWK7k6ZF8dXw",
          "checksum": "12fa95a6c89b3543cd4943e794549d69"
        },
        {
          "type": "image",
          "assetId": "VUutsRBlkJwt",
          "checksum": "7198671eafd19950b63cb5a690fab90a"
        },
        {
          "type": "image",
          "assetId": "8_ST2ajFRwhS",
          "checksum": "7d0e6329606037164dc77bee9d842037"
        },
        {
          "type": "image",
          "assetId": "PndWWKuZA0TD",
          "checksum": "7c537efbc233f6456aaa3acf60700879"
        },
        {
          "type": "image",
          "assetId": "n8T_NWJyEAqe",
          "checksum": "65f366d317f6dd255480dd7ea2d099b0"
        },
        {
          "type": "image",
          "assetId": "jvIsbu2zxSQt",
          "checksum": "340691fbe5ea6f6e00d2bc394ddee530"
        },
        {
          "type": "image",
          "assetId": "uYXL1hDCIRpb",
          "checksum": "3450e9c49f89b18351550b0d746cbd1c"
        },
        {
          "type": "image",
          "assetId": "YyqDXtNV1HzY",
          "checksum": "ecc7c7b966b01aae0cf89c299024eaa5"
        },
        {
          "type": "image",
          "assetId": "2Vhd6xWLqYt3",
          "checksum": "59a3409e2871407c683c4580480e82c6"
        },
        {
          "type": "image",
          "assetId": "xyeeMe03wgXH",
          "checksum": "c84cbc65c394ad2ea8855f5b3240a7ea"
        },
        {
          "type": "image",
          "assetId": "tQ--Ttm6X2Kj",
          "checksum": "53e3132d7e2fc2f87ba9213f83404c79"
        },
        {
          "type": "image",
          "assetId": "1Sk0RsjlbkQJ",
          "checksum": "b7a4c9051705cca395e94827828bc857"
        },
        {
          "type": "image",
          "assetId": "7miyjlAdkXil",
          "checksum": "20da966ff79790776afa5963d1b50088"
        },
        {
          "type": "image",
          "assetId": "4bOjOtNMgc8O",
          "checksum": "48d2e5b9a45adbce16fb8dc03d7e4a54"
        },
        {
          "type": "image",
          "assetId": "NhyIvgjxeCsn",
          "checksum": "c54b322e2cf9727c9bfcd46c0b394e5f"
        },
        {
          "type": "image",
          "assetId": "HfvYr82vNOZL",
          "checksum": "841645ad8b08b2f04b99b09cc13b84f7"
        },
        {
          "type": "image",
          "assetId": "tvHyP5PGpKSC",
          "checksum": "31c7618e98e4437b0d0a632376352485"
        },
        {
          "type": "image",
          "assetId": "ZExrzktfyD8B",
          "checksum": "60f6f9bdddbd18160a3696f727135b3c"
        },
        {
          "type": "image",
          "assetId": "CTpn-9clpuqB",
          "checksum": "c1a92b8c9a2bb61dcbf415660ab44cb8"
        },
        {
          "type": "image",
          "assetId": "VvcZFHutBWlW",
          "checksum": "e9ee6153ecc063f70301dc28991a5909"
        },
        {
          "type": "image",
          "assetId": "bHN5D34Of0Oc",
          "checksum": "bc7f8d14d09676bc67a60124efa7c704"
        },
        {
          "type": "image",
          "assetId": "q72G-_ND3Sx6",
          "checksum": "afdbbc73521b9269dfe61228a52d715a"
        },
        {
          "type": "image",
          "assetId": "h1iHx1xveGMY",
          "checksum": "af279e21b2dda2ca054dd8d3d9d223a6"
        },
        {
          "type": "image",
          "assetId": "FxbcRiZhAMmL",
          "checksum": "8ea8a9b72e999dfa16e5a0bd9e2f7ce5"
        },
        {
          "type": "image",
          "assetId": "fDrjV_l44AiA",
          "checksum": "e559d578c67d634c974fa9c72160a5df"
        },
        {
          "type": "image",
          "assetId": "xje97MVH6xJw",
          "checksum": "d8dcc7a0514df6b45b5adf4308987be5"
        },
        {
          "type": "image",
          "assetId": "ch1CkJ2blJVu",
          "checksum": "b0a40540ed3ea0a234b71dfcee2087bd"
        },
        {
          "type": "image",
          "assetId": "hm6hfvKXYIxz",
          "checksum": "3f28265fc4a11703bd2d989d71229ab7"
        },
        {
          "type": "image",
          "assetId": "woyYYKfdaQDj",
          "checksum": "e2a1fe69fcc1567b2484b023d1fcf0fe"
        },
        {
          "type": "image",
          "assetId": "s0ruoB0j1G36",
          "checksum": "965ed38449559ea3fd896380d92d799a"
        },
        {
          "type": "image",
          "assetId": "ztLDO2H5aZ34",
          "checksum": "6698c3dbf8eb93b093b95bc50f483c7e"
        },
        {
          "type": "image",
          "assetId": "U7yuFXvMXAns",
          "checksum": "13b0314a1f6af3ec5b57c3838f7d8051"
        },
        {
          "type": "image",
          "assetId": "bcLfy_SZPCni",
          "checksum": "e791f0eea1714953fd0fc8c52230b066"
        },
        {
          "type": "image",
          "assetId": "NTFHTbR9MQ0m",
          "checksum": "cf1fe94ac4c8ab3571293862ffe8e653"
        },
        {
          "type": "image",
          "assetId": "CTzwJIv9A8Mb",
          "checksum": "f9bc608b02373ad58c1ed163c1a8b52f"
        },
        {
          "type": "image",
          "assetId": "ni3AN3B0XdEC",
          "checksum": "c8a56c666270eb192d96899f7c7109d9"
        },
        {
          "type": "image",
          "assetId": "Nv1ekLatkbqi",
          "checksum": "a3c0b61c1d18d6539a484003bff86f34"
        },
        {
          "type": "image",
          "assetId": "Ue25ZsYTQwX3",
          "checksum": "79735dba3f411bbf5b4b415fb6b30c74"
        },
        {
          "type": "image",
          "assetId": "NuVX2pf0hi6T",
          "checksum": "c8dff696cb0428b7c60849f3771c9fd4"
        },
        {
          "type": "image",
          "assetId": "gOw5jY2FJbt5",
          "checksum": "c5a44ffca414bd59e9ae82a2697adf83"
        },
        {
          "type": "image",
          "assetId": "S4z5g5XTrre8",
          "checksum": "726917d64f98a0eeaa0c265593add15c"
        },
        {
          "type": "image",
          "assetId": "NGzN6GdIHCxY",
          "checksum": "61fe7da2dff6adf021954202b5fd56b2"
        },
        {
          "type": "image",
          "assetId": "ey2jSHdhOVRj",
          "checksum": "b27be0ef4c8cf2ff6e344c084c82e8b9"
        },
        {
          "type": "image",
          "assetId": "UyY81BZO_D9d",
          "checksum": "7ad0673c3ce6a94feceac58afaa35c3a"
        },
        {
          "type": "image",
          "assetId": "3wyjKj6w6tzG",
          "checksum": "bf3f112771d0758b36281a17b7003c71"
        },
        {
          "type": "image",
          "assetId": "K8e4V7mydqqD",
          "checksum": "f14c337abf762cb7e0c25ee4c0409178"
        }
      ],
      "codegenVersion": "0.0.1"
    }
  ],
  "cliVersion": "0.1.338"
}
